// !$*UTF8*$!
{
	archiveVersion = 1;
	classes = {
	};
	objectVersion = 44;
	objects = {

/* Begin PBXAppleScriptBuildPhase section */
		2C2371D8097F28A800693050 /* AppleScript */ = {
			isa = PBXAppleScriptBuildPhase;
			buildActionMask = 2147483647;
			contextName = "";
			files = (
				2C2371D9097F28A800693050 /* PowerSelect.applescript in AppleScript */,
				2C2371DA097F28A800693050 /* DefaultValueManager.applescript in AppleScript */,
				2C145A010BD5B1D900CE5554 /* ComboBoxHistory.applescript in AppleScript */,
				2CEB3C720BE10A92000B33AD /* FilterActionMaker.applescript in AppleScript */,
				2CF0385C10A24DB7007707C2 /* CheckGUIScripting.applescript in AppleScript */,
			);
			isSharedContext = 0;
			runOnlyForDeploymentPostprocessing = 0;
		};
/* End PBXAppleScriptBuildPhase section */

/* Begin PBXBuildFile section */
		2C145A010BD5B1D900CE5554 /* ComboBoxHistory.applescript in AppleScript */ = {isa = PBXBuildFile; fileRef = 2C145A000BD5B1D900CE5554 /* ComboBoxHistory.applescript */; settings = {ATTRIBUTES = (Debug, ); }; };
		2C2371D9097F28A800693050 /* PowerSelect.applescript in AppleScript */ = {isa = PBXBuildFile; fileRef = DA206CF3015C4E8B03C91932 /* PowerSelect.applescript */; settings = {ATTRIBUTES = (Debug, ); }; };
		2C2371DA097F28A800693050 /* DefaultValueManager.applescript in AppleScript */ = {isa = PBXBuildFile; fileRef = 2C9B3146067879DF00ED69CB /* DefaultValueManager.applescript */; settings = {ATTRIBUTES = (Debug, ); }; };
		2C2371DD097F28A800693050 /* MainMenu.nib in Resources */ = {isa = PBXBuildFile; fileRef = 29B97318FDCFA39411CA2CEA /* MainMenu.nib */; };
		2C2371E0097F28A800693050 /* main.m in Sources */ = {isa = PBXBuildFile; fileRef = 29B97316FDCFA39411CA2CEA /* main.m */; settings = {ATTRIBUTES = (); }; };
		2C2371E2097F28A800693050 /* Cocoa.framework in Frameworks */ = {isa = PBXBuildFile; fileRef = 1058C7A1FEA54F0111CA2CBB /* Cocoa.framework */; };
		2C2371E3097F28A800693050 /* AppleScriptKit.framework in Frameworks */ = {isa = PBXBuildFile; fileRef = DA206CF1015C4E2903C91932 /* AppleScriptKit.framework */; };
		2C3DB6710BE1C51A00FD7D6E /* AppController.h in Headers */ = {isa = PBXBuildFile; fileRef = 2C3DB66F0BE1C51900FD7D6E /* AppController.h */; };
		2C3DB6720BE1C51A00FD7D6E /* AppController.m in Sources */ = {isa = PBXBuildFile; fileRef = 2C3DB6700BE1C51900FD7D6E /* AppController.m */; };
		2C4A6D9F097F6BAC00D4AF6B /* Localizable.strings in Resources */ = {isa = PBXBuildFile; fileRef = 2C4A6D9D097F6BAB00D4AF6B /* Localizable.strings */; };
		2C5453A60ED9532B0098D94A /* InfoPlist.strings in Resources */ = {isa = PBXBuildFile; fileRef = 2C5453A50ED9532B0098D94A /* InfoPlist.strings */; };
		2C717DA90BFB079400A8929B /* HelpSetup.plist in Resources */ = {isa = PBXBuildFile; fileRef = 2C717DA80BFB079400A8929B /* HelpSetup.plist */; };
		2C814F9F0BFACD0B00814390 /* DonationReminder.framework in Frameworks */ = {isa = PBXBuildFile; fileRef = 2C814F9A0BFACD0B00814390 /* DonationReminder.framework */; };
		2C814FA90BFACD4500814390 /* DonationReminder.framework in CopyFiles */ = {isa = PBXBuildFile; fileRef = 2C814F9A0BFACD0B00814390 /* DonationReminder.framework */; };
		2C814FBD0BFACF8C00814390 /* UserDefaults.plist in Resources */ = {isa = PBXBuildFile; fileRef = 2C814FBC0BFACF8C00814390 /* UserDefaults.plist */; };
		2C91CE1B14DACCC500588379 /* StringExtra.m in Sources */ = {isa = PBXBuildFile; fileRef = 2C91CE0B14DACCC500588379 /* StringExtra.m */; };
		2CB0C9F50F1A17640091C640 /* Sparkle.framework in Frameworks */ = {isa = PBXBuildFile; fileRef = 2CB0C9F40F1A17640091C640 /* Sparkle.framework */; };
		2CB0C9FE0F1AFC2E0091C640 /* Sparkle.framework in CopyFiles */ = {isa = PBXBuildFile; fileRef = 2CB0C9F40F1A17640091C640 /* Sparkle.framework */; };
		2CC01CD70F1B006A003DF3C8 /* PowerSelect.icns in Resources */ = {isa = PBXBuildFile; fileRef = 2CC01CD60F1B006A003DF3C8 /* PowerSelect.icns */; };
		2CEB3C720BE10A92000B33AD /* FilterActionMaker.applescript in AppleScript */ = {isa = PBXBuildFile; fileRef = 2CEB3C710BE10A92000B33AD /* FilterActionMaker.applescript */; settings = {ATTRIBUTES = (Debug, ); }; };
		2CF0385C10A24DB7007707C2 /* CheckGUIScripting.applescript in AppleScript */ = {isa = PBXBuildFile; fileRef = 2CF0385B10A24DB7007707C2 /* CheckGUIScripting.applescript */; settings = {ATTRIBUTES = (Debug, ); }; };
		2CF038F310A25517007707C2 /* Credits.rtf in Resources */ = {isa = PBXBuildFile; fileRef = 2CF038F210A25517007707C2 /* Credits.rtf */; };
		2CFF0AB30BCFD8CF00374FBA /* FolderIcon.png in Resources */ = {isa = PBXBuildFile; fileRef = 2CFF0AB20BCFD8CF00374FBA /* FolderIcon.png */; };
/* End PBXBuildFile section */

/* Begin PBXCopyFilesBuildPhase section */
		2C814FA50BFACD2B00814390 /* CopyFiles */ = {
			isa = PBXCopyFilesBuildPhase;
			buildActionMask = 2147483647;
			dstPath = "";
			dstSubfolderSpec = 10;
			files = (
				2CB0C9FE0F1AFC2E0091C640 /* Sparkle.framework in CopyFiles */,
				2C814FA90BFACD4500814390 /* DonationReminder.framework in CopyFiles */,
			);
			runOnlyForDeploymentPostprocessing = 0;
		};
/* End PBXCopyFilesBuildPhase section */

/* Begin PBXFileReference section */
		1058C7A1FEA54F0111CA2CBB /* Cocoa.framework */ = {isa = PBXFileReference; lastKnownFileType = wrapper.framework; name = Cocoa.framework; path = /System/Library/Frameworks/Cocoa.framework; sourceTree = "<absolute>"; };
		29B97316FDCFA39411CA2CEA /* main.m */ = {isa = PBXFileReference; fileEncoding = 30; lastKnownFileType = sourcecode.c.objc; path = main.m; sourceTree = "<group>"; };
		29B97319FDCFA39411CA2CEA /* English */ = {isa = PBXFileReference; lastKnownFileType = wrapper.nib; name = English; path = English.lproj/MainMenu.nib; sourceTree = "<group>"; };
		29B97324FDCFA39411CA2CEA /* AppKit.framework */ = {isa = PBXFileReference; lastKnownFileType = wrapper.framework; name = AppKit.framework; path = /System/Library/Frameworks/AppKit.framework; sourceTree = "<absolute>"; };
		29B97325FDCFA39411CA2CEA /* Foundation.framework */ = {isa = PBXFileReference; lastKnownFileType = wrapper.framework; name = Foundation.framework; path = /System/Library/Frameworks/Foundation.framework; sourceTree = "<absolute>"; };
		2C145A000BD5B1D900CE5554 /* ComboBoxHistory.applescript */ = {isa = PBXFileReference; fileEncoding = 2147483649; lastKnownFileType = sourcecode.applescript; path = ComboBoxHistory.applescript; sourceTree = "<group>"; };
		2C2371EA097F28A800693050 /* Info-PowerSelect.plist */ = {isa = PBXFileReference; explicitFileType = text.plist; fileEncoding = 4; path = "Info-PowerSelect.plist"; sourceTree = "<group>"; };
		2C2371EB097F28A900693050 /* PowerSelect.app */ = {isa = PBXFileReference; explicitFileType = wrapper.application; includeInIndex = 0; path = PowerSelect.app; sourceTree = BUILT_PRODUCTS_DIR; };
		2C3DB66F0BE1C51900FD7D6E /* AppController.h */ = {isa = PBXFileReference; fileEncoding = 2147483649; lastKnownFileType = sourcecode.c.h; path = AppController.h; sourceTree = "<group>"; };
		2C3DB6700BE1C51900FD7D6E /* AppController.m */ = {isa = PBXFileReference; fileEncoding = 2147483649; lastKnownFileType = sourcecode.c.objc; path = AppController.m; sourceTree = "<group>"; };
		2C4A6D9E097F6BAC00D4AF6B /* English */ = {isa = PBXFileReference; fileEncoding = 10; lastKnownFileType = text.plist.strings; lineEnding = 0; name = English; path = English.lproj/Localizable.strings; sourceTree = "<group>"; };
		2C5453A10ED953190098D94A /* English */ = {isa = PBXFileReference; fileEncoding = 10; lastKnownFileType = text.plist.strings; name = English; path = English.lproj/InfoPlist.strings; sourceTree = "<group>"; };
		2C717DA80BFB079400A8929B /* HelpSetup.plist */ = {isa = PBXFileReference; explicitFileType = text.plist; fileEncoding = 4; path = HelpSetup.plist; sourceTree = "<group>"; };
		2C814F9A0BFACD0B00814390 /* DonationReminder.framework */ = {isa = PBXFileReference; lastKnownFileType = wrapper.framework; name = DonationReminder.framework; path = ../DonationReminder.framework; sourceTree = SOURCE_ROOT; };
		2C814FBC0BFACF8C00814390 /* UserDefaults.plist */ = {isa = PBXFileReference; fileEncoding = 2147483649; lastKnownFileType = text.plist.xml; path = UserDefaults.plist; sourceTree = "<group>"; };
		2C91CE0A14DACCC500588379 /* StringExtra.h */ = {isa = PBXFileReference; fileEncoding = 4; lastKnownFileType = sourcecode.c.h; path = StringExtra.h; sourceTree = "<group>"; };
		2C91CE0B14DACCC500588379 /* StringExtra.m */ = {isa = PBXFileReference; fileEncoding = 4; lastKnownFileType = sourcecode.c.objc; path = StringExtra.m; sourceTree = "<group>"; };
		2C91CF6F14DB906E00588379 /* Japanese */ = {isa = PBXFileReference; lastKnownFileType = wrapper.nib; name = Japanese; path = Japanese.lproj/MainMenu.nib; sourceTree = "<group>"; };
		2C91CF7814DB990100588379 /* Japanese */ = {isa = PBXFileReference; lastKnownFileType = text.plist.strings; name = Japanese; path = Japanese.lproj/Localizable.strings; sourceTree = "<group>"; };
		2C91CF7914DB991E00588379 /* Japanese */ = {isa = PBXFileReference; lastKnownFileType = text.plist.strings; name = Japanese; path = Japanese.lproj/InfoPlist.strings; sourceTree = "<group>"; };
		2C9B3146067879DF00ED69CB /* DefaultValueManager.applescript */ = {isa = PBXFileReference; fileEncoding = 4; lastKnownFileType = sourcecode.applescript; path = DefaultValueManager.applescript; sourceTree = "<group>"; };
		2CB0C9F40F1A17640091C640 /* Sparkle.framework */ = {isa = PBXFileReference; lastKnownFileType = wrapper.framework; name = Sparkle.framework; path = ../Sparkle.framework; sourceTree = SOURCE_ROOT; };
		2CC01CD60F1B006A003DF3C8 /* PowerSelect.icns */ = {isa = PBXFileReference; lastKnownFileType = image.icns; path = PowerSelect.icns; sourceTree = "<group>"; };
		2CEB3C710BE10A92000B33AD /* FilterActionMaker.applescript */ = {isa = PBXFileReference; fileEncoding = 4; lastKnownFileType = sourcecode.applescript; path = FilterActionMaker.applescript; sourceTree = "<group>"; wrapsLines = 1; };
		2CF0385B10A24DB7007707C2 /* CheckGUIScripting.applescript */ = {isa = PBXFileReference; fileEncoding = 4; lastKnownFileType = sourcecode.applescript; path = CheckGUIScripting.applescript; sourceTree = "<group>"; };
		2CF038F210A25517007707C2 /* Credits.rtf */ = {isa = PBXFileReference; lastKnownFileType = text.rtf; path = Credits.rtf; sourceTree = "<group>"; };
		2CFF0AB20BCFD8CF00374FBA /* FolderIcon.png */ = {isa = PBXFileReference; lastKnownFileType = image.png; path = FolderIcon.png; sourceTree = "<group>"; };
		2CFF0AD60BCFDF4C00374FBA /* History.rd */ = {isa = PBXFileReference; fileEncoding = 2147483649; lastKnownFileType = text; name = History.rd; path = ../../History.rd; sourceTree = SOURCE_ROOT; };
		DA206CF1015C4E2903C91932 /* AppleScriptKit.framework */ = {isa = PBXFileReference; lastKnownFileType = wrapper.framework; name = AppleScriptKit.framework; path = /System/Library/Frameworks/AppleScriptKit.framework; sourceTree = "<absolute>"; };
		DA206CF3015C4E8B03C91932 /* PowerSelect.applescript */ = {isa = PBXFileReference; fileEncoding = 2147483649; lastKnownFileType = sourcecode.applescript; path = PowerSelect.applescript; sourceTree = "<group>"; };
		DA206CF4015C4E8B03C91932 /* AppleScriptKit.asdictionary */ = {isa = PBXFileReference; lastKnownFileType = archive.asdictionary; name = AppleScriptKit.asdictionary; path = /System/Library/Frameworks/AppleScriptKit.framework/Versions/A/Resources/AppleScriptKit.asdictionary; sourceTree = "<absolute>"; };
/* End PBXFileReference section */

/* Begin PBXFrameworksBuildPhase section */
		2C2371E1097F28A800693050 /* Frameworks */ = {
			isa = PBXFrameworksBuildPhase;
			buildActionMask = 2147483647;
			files = (
				2C2371E2097F28A800693050 /* Cocoa.framework in Frameworks */,
				2C2371E3097F28A800693050 /* AppleScriptKit.framework in Frameworks */,
				2C814F9F0BFACD0B00814390 /* DonationReminder.framework in Frameworks */,
				2CB0C9F50F1A17640091C640 /* Sparkle.framework in Frameworks */,
			);
			runOnlyForDeploymentPostprocessing = 0;
		};
/* End PBXFrameworksBuildPhase section */

/* Begin PBXGroup section */
		080E96DDFE201D6D7F000001 /* Scripts */ = {
			isa = PBXGroup;
			children = (
				DA206CF3015C4E8B03C91932 /* PowerSelect.applescript */,
				2C145A000BD5B1D900CE5554 /* ComboBoxHistory.applescript */,
				2C9B3146067879DF00ED69CB /* DefaultValueManager.applescript */,
				2CEB3C710BE10A92000B33AD /* FilterActionMaker.applescript */,
				2CF0385B10A24DB7007707C2 /* CheckGUIScripting.applescript */,
			);
			name = Scripts;
			sourceTree = "<group>";
		};
		1058C7A0FEA54F0111CA2CBB /* Linked Frameworks */ = {
			isa = PBXGroup;
			children = (
				2CB0C9F40F1A17640091C640 /* Sparkle.framework */,
				2C814F9A0BFACD0B00814390 /* DonationReminder.framework */,
				1058C7A1FEA54F0111CA2CBB /* Cocoa.framework */,
				DA206CF1015C4E2903C91932 /* AppleScriptKit.framework */,
			);
			name = "Linked Frameworks";
			sourceTree = "<group>";
		};
		1058C7A2FEA54F0111CA2CBB /* Other Frameworks */ = {
			isa = PBXGroup;
			children = (
				29B97325FDCFA39411CA2CEA /* Foundation.framework */,
				29B97324FDCFA39411CA2CEA /* AppKit.framework */,
			);
			name = "Other Frameworks";
			sourceTree = "<group>";
		};
		19C28FACFE9D520D11CA2CBB /* Products */ = {
			isa = PBXGroup;
			children = (
				2C2371EB097F28A900693050 /* PowerSelect.app */,
			);
			name = Products;
			sourceTree = "<group>";
		};
		29B97314FDCFA39411CA2CEA /* Application */ = {
			isa = PBXGroup;
			children = (
				2CFF0AD60BCFDF4C00374FBA /* History.rd */,
				080E96DDFE201D6D7F000001 /* Scripts */,
				29B97317FDCFA39411CA2CEA /* Resources */,
				29B97315FDCFA39411CA2CEA /* Other Sources */,
				29B97323FDCFA39411CA2CEA /* Frameworks */,
				2C91CDFD14DACCC500588379 /* CocoaLib */,
				19C28FACFE9D520D11CA2CBB /* Products */,
			);
			name = Application;
			sourceTree = "<group>";
		};
		29B97315FDCFA39411CA2CEA /* Other Sources */ = {
			isa = PBXGroup;
			children = (
				29B97316FDCFA39411CA2CEA /* main.m */,
				2C3DB66F0BE1C51900FD7D6E /* AppController.h */,
				2C3DB6700BE1C51900FD7D6E /* AppController.m */,
			);
			name = "Other Sources";
			sourceTree = "<group>";
		};
		29B97317FDCFA39411CA2CEA /* Resources */ = {
			isa = PBXGroup;
			children = (
				2CF038F210A25517007707C2 /* Credits.rtf */,
				2CC01CD60F1B006A003DF3C8 /* PowerSelect.icns */,
				2C717DA80BFB079400A8929B /* HelpSetup.plist */,
				2CFF0AB20BCFD8CF00374FBA /* FolderIcon.png */,
				2C814FBC0BFACF8C00814390 /* UserDefaults.plist */,
				2C2371EA097F28A800693050 /* Info-PowerSelect.plist */,
				29B97318FDCFA39411CA2CEA /* MainMenu.nib */,
				DA206CF4015C4E8B03C91932 /* AppleScriptKit.asdictionary */,
				2C4A6D9D097F6BAB00D4AF6B /* Localizable.strings */,
				2C5453A50ED9532B0098D94A /* InfoPlist.strings */,
			);
			name = Resources;
			sourceTree = "<group>";
		};
		29B97323FDCFA39411CA2CEA /* Frameworks */ = {
			isa = PBXGroup;
			children = (
				1058C7A0FEA54F0111CA2CBB /* Linked Frameworks */,
				1058C7A2FEA54F0111CA2CBB /* Other Frameworks */,
			);
			name = Frameworks;
			sourceTree = "<group>";
		};
		2C91CDFD14DACCC500588379 /* CocoaLib */ = {
			isa = PBXGroup;
			children = (
				2C91CE0A14DACCC500588379 /* StringExtra.h */,
				2C91CE0B14DACCC500588379 /* StringExtra.m */,
			);
			path = CocoaLib;
			sourceTree = "<group>";
		};
/* End PBXGroup section */

/* Begin PBXHeadersBuildPhase section */
		2C2371D7097F28A800693050 /* Headers */ = {
			isa = PBXHeadersBuildPhase;
			buildActionMask = 2147483647;
			files = (
				2C3DB6710BE1C51A00FD7D6E /* AppController.h in Headers */,
			);
			runOnlyForDeploymentPostprocessing = 0;
		};
/* End PBXHeadersBuildPhase section */

/* Begin PBXNativeTarget section */
		2C2371D6097F28A800693050 /* PowerSelect */ = {
			isa = PBXNativeTarget;
			buildConfigurationList = 2C2371E5097F28A800693050 /* Build configuration list for PBXNativeTarget "PowerSelect" */;
			buildPhases = (
				2C91CF6114DAF58400588379 /* ShellScript */,
				2C2371D7097F28A800693050 /* Headers */,
				2C2371D8097F28A800693050 /* AppleScript */,
				2C2371DC097F28A800693050 /* Resources */,
				2C2371DF097F28A800693050 /* Sources */,
				2C2371E1097F28A800693050 /* Frameworks */,
				2C2371E4097F28A800693050 /* ShellScript */,
				2C814FA50BFACD2B00814390 /* CopyFiles */,
			);
			buildRules = (
			);
			dependencies = (
			);
			name = PowerSelect;
			productInstallPath = "$(HOME)/Applications";
			productName = Application;
			productReference = 2C2371EB097F28A900693050 /* PowerSelect.app */;
			productType = "com.apple.product-type.application";
		};
/* End PBXNativeTarget section */

/* Begin PBXProject section */
		29B97313FDCFA39411CA2CEA /* Project object */ = {
			isa = PBXProject;
			buildConfigurationList = 2C2371B5097F25A400693050 /* Build configuration list for PBXProject "PowerSelect" */;
			compatibilityVersion = "Xcode 2.4";
			developmentRegion = English;
			hasScannedForEncodings = 1;
			knownRegions = (
				English,
				Japanese,
				French,
				German,
			);
			mainGroup = 29B97314FDCFA39411CA2CEA /* Application */;
			projectDirPath = "";
			projectRoot = "";
			targets = (
				2C2371D6097F28A800693050 /* PowerSelect */,
			);
		};
/* End PBXProject section */

/* Begin PBXResourcesBuildPhase section */
		2C2371DC097F28A800693050 /* Resources */ = {
			isa = PBXResourcesBuildPhase;
			buildActionMask = 2147483647;
			files = (
				2C2371DD097F28A800693050 /* MainMenu.nib in Resources */,
				2C4A6D9F097F6BAC00D4AF6B /* Localizable.strings in Resources */,
				2CFF0AB30BCFD8CF00374FBA /* FolderIcon.png in Resources */,
				2C814FBD0BFACF8C00814390 /* UserDefaults.plist in Resources */,
				2C717DA90BFB079400A8929B /* HelpSetup.plist in Resources */,
				2C5453A60ED9532B0098D94A /* InfoPlist.strings in Resources */,
				2CC01CD70F1B006A003DF3C8 /* PowerSelect.icns in Resources */,
				2CF038F310A25517007707C2 /* Credits.rtf in Resources */,
			);
			runOnlyForDeploymentPostprocessing = 0;
		};
/* End PBXResourcesBuildPhase section */

/* Begin PBXShellScriptBuildPhase section */
		2C2371E4097F28A800693050 /* ShellScript */ = {
			isa = PBXShellScriptBuildPhase;
			buildActionMask = 12;
			files = (
			);
			inputPaths = (
			);
			outputPaths = (
			);
			runOnlyForDeploymentPostprocessing = 0;
			shellPath = /bin/sh;
			shellScript = "if [ \"$BUILD_STYLE\" = 'Deployment' ]; then\nhelpdir=\"$BUILT_PRODUCTS_DIR/$TARGET_NAME.app/Contents/Resources/$TARGET_NAME Help\"\nmkdir -p \"$helpdir\"\nsitetear_path='/usr/local/bin/sitetear'\nmanual_folder='/Users/tkurita/Factories/Websites/scriptfactory folder/scriptfactory/ScriptGallery/FinderScripts/PowerSelect/manual'\nmanual_page=\"index.html\" \nmanual_path=\"$manual_folder/$manual_page\"\nperl \"$sitetear_path\" \"$manual_path\" \"$helpdir/$manual_page\"\nopen -a 'Help Indexer' \"$helpdir\"\nfi\n";
		};
		2C91CF6114DAF58400588379 /* ShellScript */ = {
			isa = PBXShellScriptBuildPhase;
			buildActionMask = 2147483647;
			files = (
			);
			inputPaths = (
				"$(SRCROOT)/English.lproj/MainMenu.nib",
			);
			outputPaths = (
				"$(SRCROOT)/Japanese.lproj/MainMenu.nib",
			);
			runOnlyForDeploymentPostprocessing = 0;
			shellPath = /bin/sh;
			shellScript = "# Extract English strings (use this to check if you added new strings to your nibs)\n#ibtool --generate-strings-file Resources/English.lproj/MainWindow.strings Resources/#English.lproj/MainWindow.xib\n# Generate Localized interface\n\nfunction generate_localized_interface\n{\nbase_lang=$1\ntarget_lang=$2\ntarget_nib=$3\n\nnib_basename=`basename ${target_nib} .nib` \nibtool --strings-file ${target_lang}.lproj/${nib_basename}.strings --write ${target_lang}.lproj/${target_nib} ${base_lang}.lproj/${target_nib}\nrm -rf ${target_lang}.lproj/${target_nib}/.svn\n}\n\ngenerate_localized_interface English Japanese MainMenu.nib\n\n\n";
		};
/* End PBXShellScriptBuildPhase section */

/* Begin PBXSourcesBuildPhase section */
		2C2371DF097F28A800693050 /* Sources */ = {
			isa = PBXSourcesBuildPhase;
			buildActionMask = 2147483647;
			files = (
				2C2371E0097F28A800693050 /* main.m in Sources */,
				2C3DB6720BE1C51A00FD7D6E /* AppController.m in Sources */,
				2C91CE1B14DACCC500588379 /* StringExtra.m in Sources */,
			);
			runOnlyForDeploymentPostprocessing = 0;
		};
/* End PBXSourcesBuildPhase section */

/* Begin PBXVariantGroup section */
		29B97318FDCFA39411CA2CEA /* MainMenu.nib */ = {
			isa = PBXVariantGroup;
			children = (
				29B97319FDCFA39411CA2CEA /* English */,
				2C91CF6F14DB906E00588379 /* Japanese */,
			);
			name = MainMenu.nib;
			sourceTree = "<group>";
		};
		2C4A6D9D097F6BAB00D4AF6B /* Localizable.strings */ = {
			isa = PBXVariantGroup;
			children = (
				2C4A6D9E097F6BAC00D4AF6B /* English */,
				2C91CF7814DB990100588379 /* Japanese */,
			);
			name = Localizable.strings;
			sourceTree = "<group>";
		};
		2C5453A50ED9532B0098D94A /* InfoPlist.strings */ = {
			isa = PBXVariantGroup;
			children = (
				2C5453A10ED953190098D94A /* English */,
				2C91CF7914DB991E00588379 /* Japanese */,
			);
			name = InfoPlist.strings;
			sourceTree = "<group>";
		};
/* End PBXVariantGroup section */

/* Begin XCBuildConfiguration section */
		2C2371B6097F25A400693050 /* Debug */ = {
			isa = XCBuildConfiguration;
			buildSettings = {
				ARCHS = "$(NATIVE_ARCH)";
				GCC_VERSION = 4.0;
				SDKROOT = "$(DEVELOPER_SDK_DIR)/MacOSX10.4u.sdk";
			};
			name = Debug;
		};
		2C2371B7097F25A400693050 /* Release */ = {
			isa = XCBuildConfiguration;
			buildSettings = {
				ARCHS = "$(ARCHS_STANDARD_32_64_BIT_PRE_XCODE_3_1)";
				ARCHS_STANDARD_32_64_BIT_PRE_XCODE_3_1 = "x86_64 i386 ppc";
				GCC_VERSION = 4.0;
				SDKROOT = "$(DEVELOPER_SDK_DIR)/MacOSX10.4u.sdk";
				"SDKROOT[arch=ppc64]" = "$(DEVELOPER_SDK_DIR)/MacOSX10.5.sdk";
				"SDKROOT[arch=x86_64]" = "$(DEVELOPER_SDK_DIR)/MacOSX10.5.sdk";
			};
			name = Release;
		};
		2C2371B8097F25A400693050 /* SD Debug */ = {
			isa = XCBuildConfiguration;
			buildSettings = {
				ARCHS = "$(NATIVE_ARCH)";
				GCC_VERSION = 4.0;
				SDKROOT = "$(DEVELOPER_SDK_DIR)/MacOSX10.4u.sdk";
			};
			name = "SD Debug";
		};
		2C2371B9097F25A400693050 /* Default */ = {
			isa = XCBuildConfiguration;
			buildSettings = {
				ARCHS = "$(NATIVE_ARCH)";
				GCC_VERSION = 4.0;
				SDKROOT = "$(DEVELOPER_SDK_DIR)/MacOSX10.4u.sdk";
			};
			name = Default;
		};
		2C2371E6097F28A800693050 /* Debug */ = {
			isa = XCBuildConfiguration;
			buildSettings = {
				COPY_PHASE_STRIP = NO;
				CURRENT_PROJECT_VERSION = 4;
				FRAMEWORK_SEARCH_PATHS = (
					"$(inherited)",
					"$(FRAMEWORK_SEARCH_PATHS_QUOTED_1)",
					"$(FRAMEWORK_SEARCH_PATHS_QUOTED_FOR_TARGET_1)",
				);
				FRAMEWORK_SEARCH_PATHS_QUOTED_1 = "\"$(SRCROOT)/..\"";
				FRAMEWORK_SEARCH_PATHS_QUOTED_FOR_TARGET_1 = "\"$(SRCROOT)/..\"";
				GCC_DYNAMIC_NO_PIC = NO;
				GCC_ENABLE_FIX_AND_CONTINUE = YES;
				GCC_GENERATE_DEBUGGING_SYMBOLS = YES;
				GCC_OPTIMIZATION_LEVEL = 0;
				HEADER_SEARCH_PATHS = "";
				INFOPLIST_FILE = "Info-PowerSelect.plist";
				INSTALL_PATH = /Applications;
				LIBRARY_SEARCH_PATHS = "";
				OTHER_CFLAGS = "";
				OTHER_LDFLAGS = "";
				PRODUCT_NAME = PowerSelect;
				SECTORDER_FLAGS = "";
				VERSIONING_SYSTEM = "apple-generic";
				WARNING_CFLAGS = (
					"-Wmost",
					"-Wno-four-char-constants",
					"-Wno-unknown-pragmas",
				);
				WRAPPER_EXTENSION = app;
				ZERO_LINK = YES;
			};
			name = Debug;
		};
		2C2371E7097F28A800693050 /* Release */ = {
			isa = XCBuildConfiguration;
			buildSettings = {
				ARCHS = (
					ppc,
					i386,
				);
				COPY_PHASE_STRIP = YES;
				CURRENT_PROJECT_VERSION = 4;
				FRAMEWORK_SEARCH_PATHS = (
					"$(inherited)",
					"$(FRAMEWORK_SEARCH_PATHS_QUOTED_1)",
					"$(FRAMEWORK_SEARCH_PATHS_QUOTED_FOR_TARGET_1)",
				);
				FRAMEWORK_SEARCH_PATHS_QUOTED_1 = "\"$(SRCROOT)/..\"";
				FRAMEWORK_SEARCH_PATHS_QUOTED_FOR_TARGET_1 = "\"$(SRCROOT)/..\"";
				GCC_ENABLE_FIX_AND_CONTINUE = NO;
				HEADER_SEARCH_PATHS = "";
				IBC_STRIP_NIBS = NO;
				INFOPLIST_FILE = "Info-PowerSelect.plist";
				INSTALL_PATH = /Applications;
				LIBRARY_SEARCH_PATHS = "";
				OTHER_CFLAGS = "";
				OTHER_LDFLAGS = "";
				OTHER_OSAFLAGS = "-x";
				PREBINDING = NO;
				PRODUCT_NAME = PowerSelect;
				SECTORDER_FLAGS = "";
				VERSIONING_SYSTEM = "apple-generic";
				WARNING_CFLAGS = (
					"-Wmost",
					"-Wno-four-char-constants",
					"-Wno-unknown-pragmas",
				);
				WRAPPER_EXTENSION = app;
				ZERO_LINK = NO;
			};
			name = Release;
		};
		2C2371E8097F28A800693050 /* SD Debug */ = {
			isa = XCBuildConfiguration;
			buildSettings = {
				CURRENT_PROJECT_VERSION = 4;
				FRAMEWORK_SEARCH_PATHS = (
					"$(inherited)",
					"$(FRAMEWORK_SEARCH_PATHS_QUOTED_1)",
					"$(FRAMEWORK_SEARCH_PATHS_QUOTED_FOR_TARGET_1)",
				);
				FRAMEWORK_SEARCH_PATHS_QUOTED_1 = "\"$(SRCROOT)/..\"";
				FRAMEWORK_SEARCH_PATHS_QUOTED_FOR_TARGET_1 = "\"$(SRCROOT)/..\"";
				HEADER_SEARCH_PATHS = "";
				INFOPLIST_FILE = "Info-PowerSelect.plist";
				INSTALL_PATH = /Applications;
				LIBRARY_SEARCH_PATHS = "";
				OTHER_CFLAGS = "";
				OTHER_LDFLAGS = "";
				OTHER_OSAFLAGS = "-l \\\"AppleScript Debugger\\\"";
				PRODUCT_NAME = PowerSelect;
				SECTORDER_FLAGS = "";
				VERSIONING_SYSTEM = "apple-generic";
				WARNING_CFLAGS = (
					"-Wmost",
					"-Wno-four-char-constants",
					"-Wno-unknown-pragmas",
				);
				WRAPPER_EXTENSION = app;
			};
			name = "SD Debug";
		};
		2C2371E9097F28A800693050 /* Default */ = {
			isa = XCBuildConfiguration;
			buildSettings = {
				CURRENT_PROJECT_VERSION = 4;
				FRAMEWORK_SEARCH_PATHS = (
					"$(inherited)",
					"$(FRAMEWORK_SEARCH_PATHS_QUOTED_1)",
					"$(FRAMEWORK_SEARCH_PATHS_QUOTED_FOR_TARGET_1)",
				);
				FRAMEWORK_SEARCH_PATHS_QUOTED_1 = "\"$(SRCROOT)/..\"";
				FRAMEWORK_SEARCH_PATHS_QUOTED_FOR_TARGET_1 = "\"$(SRCROOT)/..\"";
				HEADER_SEARCH_PATHS = "";
				INFOPLIST_FILE = "Info-PowerSelect.plist";
				INSTALL_PATH = /Applications;
				LIBRARY_SEARCH_PATHS = "";
				OTHER_CFLAGS = "";
				OTHER_LDFLAGS = "";
				PRODUCT_NAME = PowerSelect;
				SECTORDER_FLAGS = "";
				VERSIONING_SYSTEM = "apple-generic";
				WARNING_CFLAGS = (
					"-Wmost",
					"-Wno-four-char-constants",
					"-Wno-unknown-pragmas",
				);
				WRAPPER_EXTENSION = app;
			};
			name = Default;
		};
/* End XCBuildConfiguration section */

/* Begin XCConfigurationList section */
		2C2371B5097F25A400693050 /* Build configuration list for PBXProject "PowerSelect" */ = {
			isa = XCConfigurationList;
			buildConfigurations = (
				2C2371B6097F25A400693050 /* Debug */,
				2C2371B7097F25A400693050 /* Release */,
				2C2371B8097F25A400693050 /* SD Debug */,
				2C2371B9097F25A400693050 /* Default */,
			);
			defaultConfigurationIsVisible = 0;
			defaultConfigurationName = Release;
		};
		2C2371E5097F28A800693050 /* Build configuration list for PBXNativeTarget "PowerSelect" */ = {
			isa = XCConfigurationList;
			buildConfigurations = (
				2C2371E6097F28A800693050 /* Debug */,
				2C2371E7097F28A800693050 /* Release */,
				2C2371E8097F28A800693050 /* SD Debug */,
				2C2371E9097F28A800693050 /* Default */,
			);
			defaultConfigurationIsVisible = 0;
			defaultConfigurationName = Release;
		};
/* End XCConfigurationList section */
	};
	rootObject = 29B97313FDCFA39411CA2CEA /* Project object */;
}
