// !$*UTF8*$!
{
	archiveVersion = 1;
	classes = {
	};
	objectVersion = 46;
	objects = {

/* Begin PBXBuildFile section */
		2C1283E21C7B7A3A001D139B /* PowerSelectHelp in Resources */ = {isa = PBXBuildFile; fileRef = 2C1283E11C7B7A3A001D139B /* PowerSelectHelp */; };
		2C16FE6D1C76080C000A40D0 /* PathExtra_Localizable.strings in Resources */ = {isa = PBXBuildFile; fileRef = 2C16FE651C76080C000A40D0 /* PathExtra_Localizable.strings */; };
		2C16FE6E1C76080C000A40D0 /* PathExtra.m in Sources */ = {isa = PBXBuildFile; fileRef = 2C16FE691C76080C000A40D0 /* PathExtra.m */; };
		2C16FE6F1C76080C000A40D0 /* StringExtra.m in Sources */ = {isa = PBXBuildFile; fileRef = 2C16FE6C1C76080C000A40D0 /* StringExtra.m */; };
		2C16FE781C76089B000A40D0 /* DonationReminder.framework in Frameworks */ = {isa = PBXBuildFile; fileRef = 2C16FE751C760886000A40D0 /* DonationReminder.framework */; };
		2C16FE7A1C7608A6000A40D0 /* Sparkle.framework in Frameworks */ = {isa = PBXBuildFile; fileRef = 2C16FE791C7608A6000A40D0 /* Sparkle.framework */; };
		2C16FE7B1C7608BE000A40D0 /* DonationReminder.framework in CopyFiles */ = {isa = PBXBuildFile; fileRef = 2C16FE751C760886000A40D0 /* DonationReminder.framework */; settings = {ATTRIBUTES = (CodeSignOnCopy, ); }; };
		2C16FE7C1C7608C1000A40D0 /* Sparkle.framework in CopyFiles */ = {isa = PBXBuildFile; fileRef = 2C16FE791C7608A6000A40D0 /* Sparkle.framework */; settings = {ATTRIBUTES = (CodeSignOnCopy, ); }; };
		2C179B85179D694200D0C234 /* ServicesMenu.strings in Resources */ = {isa = PBXBuildFile; fileRef = 2C179B84179D694200D0C234 /* ServicesMenu.strings */; };
		2C2371E0097F28A800693050 /* main.m in Sources */ = {isa = PBXBuildFile; fileRef = 29B97316FDCFA39411CA2CEA /* main.m */; settings = {ATTRIBUTES = (); }; };
		2C2371E2097F28A800693050 /* Cocoa.framework in Frameworks */ = {isa = PBXBuildFile; fileRef = 1058C7A1FEA54F0111CA2CBB /* Cocoa.framework */; };
		2C3DB6720BE1C51A00FD7D6E /* AppController.m in Sources */ = {isa = PBXBuildFile; fileRef = 2C3DB6700BE1C51900FD7D6E /* AppController.m */; };
		2C4A6D9F097F6BAC00D4AF6B /* Localizable.strings in Resources */ = {isa = PBXBuildFile; fileRef = 2C4A6D9D097F6BAB00D4AF6B /* Localizable.strings */; };
		2C5453A60ED9532B0098D94A /* InfoPlist.strings in Resources */ = {isa = PBXBuildFile; fileRef = 2C5453A50ED9532B0098D94A /* InfoPlist.strings */; };
		2C717DA90BFB079400A8929B /* HelpSetup.plist in Resources */ = {isa = PBXBuildFile; fileRef = 2C717DA80BFB079400A8929B /* HelpSetup.plist */; };
		2C75ECC617A80C6600D647BA /* PowerSelect-1024.icns in Resources */ = {isa = PBXBuildFile; fileRef = 2C75ECC517A80C6600D647BA /* PowerSelect-1024.icns */; };
		2C75ECEE17A8992A00D647BA /* PowerSelect.icns in Resources */ = {isa = PBXBuildFile; fileRef = 2C75ECED17A8992A00D647BA /* PowerSelect.icns */; };
		2C75ECF917A89BD900D647BA /* PowerSelect-Retina.icns in Resources */ = {isa = PBXBuildFile; fileRef = 2CC01CD60F1B006A003DF3C8 /* PowerSelect-Retina.icns */; };
		2C814FBD0BFACF8C00814390 /* UserDefaults.plist in Resources */ = {isa = PBXBuildFile; fileRef = 2C814FBC0BFACF8C00814390 /* UserDefaults.plist */; };
		2C8D08871C761FA7008583A6 /* dsa_pub.pem in Resources */ = {isa = PBXBuildFile; fileRef = 2C8D08861C761FA7008583A6 /* dsa_pub.pem */; };
		2C8D089B1C76DC85008583A6 /* GUIScriptingChecker.m in Sources */ = {isa = PBXBuildFile; fileRef = 2C8D08981C76DC84008583A6 /* GUIScriptingChecker.m */; };
		2C8D089D1C76DD80008583A6 /* ScriptingBridge.framework in Frameworks */ = {isa = PBXBuildFile; fileRef = 2C8D089C1C76DD80008583A6 /* ScriptingBridge.framework */; };
		2C8D08A01C76DED8008583A6 /* GUIScriptingChecker_Localizable.strings in Resources */ = {isa = PBXBuildFile; fileRef = 2C8D08A21C76DED8008583A6 /* GUIScriptingChecker_Localizable.strings */; };
		2C8D08A81C76E952008583A6 /* AppleScriptObjC.framework in Frameworks */ = {isa = PBXBuildFile; fileRef = 2C8D08A71C76E952008583A6 /* AppleScriptObjC.framework */; };
		2C8D08AC1C77015A008583A6 /* InsertionLocator.applescript in Sources */ = {isa = PBXBuildFile; fileRef = 2C8D08AB1C77015A008583A6 /* InsertionLocator.applescript */; };
		2C8D08AD1C770FBB008583A6 /* MainMenu.xib in Resources */ = {isa = PBXBuildFile; fileRef = 2C16FE821C761BAD000A40D0 /* MainMenu.xib */; };
		2C8D08AE1C770FD2008583A6 /* PowerSelectWindow.xib in Resources */ = {isa = PBXBuildFile; fileRef = 2CE0451C160077D6006F2C10 /* PowerSelectWindow.xib */; };
		2CE04525160079BC006F2C10 /* PowerSelectWindowController.m in Sources */ = {isa = PBXBuildFile; fileRef = 2CE04524160079BC006F2C10 /* PowerSelectWindowController.m */; };
		2CEDCE5416040C0F00D42997 /* ClickableBox.m in Sources */ = {isa = PBXBuildFile; fileRef = 2CEDCE5316040C0F00D42997 /* ClickableBox.m */; };
		2CF038F310A25517007707C2 /* Credits.rtf in Resources */ = {isa = PBXBuildFile; fileRef = 2CF038F210A25517007707C2 /* Credits.rtf */; };
		2CFF0AB30BCFD8CF00374FBA /* FolderIcon.png in Resources */ = {isa = PBXBuildFile; fileRef = 2CFF0AB20BCFD8CF00374FBA /* FolderIcon.png */; };
/* End PBXBuildFile section */

/* Begin PBXContainerItemProxy section */
		2C16FE741C760886000A40D0 /* PBXContainerItemProxy */ = {
			isa = PBXContainerItemProxy;
			containerPortal = 2C16FE701C760885000A40D0 /* DonationReminder.xcodeproj */;
			proxyType = 2;
			remoteGlobalIDString = 2C4A363E19E61FC40031E521;
			remoteInfo = DonationReminder;
		};
		2C16FE761C760890000A40D0 /* PBXContainerItemProxy */ = {
			isa = PBXContainerItemProxy;
			containerPortal = 2C16FE701C760885000A40D0 /* DonationReminder.xcodeproj */;
			proxyType = 1;
			remoteGlobalIDString = 2C4A363119E61FC40031E521;
			remoteInfo = DonationReminder;
		};
/* End PBXContainerItemProxy section */

/* Begin PBXCopyFilesBuildPhase section */
		2C814FA50BFACD2B00814390 /* CopyFiles */ = {
			isa = PBXCopyFilesBuildPhase;
			buildActionMask = 2147483647;
			dstPath = "";
			dstSubfolderSpec = 10;
			files = (
				2C16FE7B1C7608BE000A40D0 /* DonationReminder.framework in CopyFiles */,
				2C16FE7C1C7608C1000A40D0 /* Sparkle.framework in CopyFiles */,
			);
			runOnlyForDeploymentPostprocessing = 0;
		};
/* End PBXCopyFilesBuildPhase section */

/* Begin PBXFileReference section */
		1058C7A1FEA54F0111CA2CBB /* Cocoa.framework */ = {isa = PBXFileReference; lastKnownFileType = wrapper.framework; name = Cocoa.framework; path = /System/Library/Frameworks/Cocoa.framework; sourceTree = "<absolute>"; };
		29B97316FDCFA39411CA2CEA /* main.m */ = {isa = PBXFileReference; fileEncoding = 30; lastKnownFileType = sourcecode.c.objc; path = main.m; sourceTree = "<group>"; };
		29B97324FDCFA39411CA2CEA /* AppKit.framework */ = {isa = PBXFileReference; lastKnownFileType = wrapper.framework; name = AppKit.framework; path = /System/Library/Frameworks/AppKit.framework; sourceTree = "<absolute>"; };
		29B97325FDCFA39411CA2CEA /* Foundation.framework */ = {isa = PBXFileReference; lastKnownFileType = wrapper.framework; name = Foundation.framework; path = /System/Library/Frameworks/Foundation.framework; sourceTree = "<absolute>"; };
		2C1283E11C7B7A3A001D139B /* PowerSelectHelp */ = {isa = PBXFileReference; lastKnownFileType = folder; path = PowerSelectHelp; sourceTree = "<group>"; };
		2C16FE661C76080C000A40D0 /* en */ = {isa = PBXFileReference; lastKnownFileType = text.plist.strings; name = en; path = en.lproj/PathExtra_Localizable.strings; sourceTree = "<group>"; };
		2C16FE671C76080C000A40D0 /* ja */ = {isa = PBXFileReference; lastKnownFileType = text.plist.strings; name = ja; path = ja.lproj/PathExtra_Localizable.strings; sourceTree = "<group>"; };
		2C16FE681C76080C000A40D0 /* PathExtra.h */ = {isa = PBXFileReference; fileEncoding = 4; lastKnownFileType = sourcecode.c.h; path = PathExtra.h; sourceTree = "<group>"; };
		2C16FE691C76080C000A40D0 /* PathExtra.m */ = {isa = PBXFileReference; fileEncoding = 4; lastKnownFileType = sourcecode.c.objc; path = PathExtra.m; sourceTree = "<group>"; };
		2C16FE6B1C76080C000A40D0 /* StringExtra.h */ = {isa = PBXFileReference; fileEncoding = 4; lastKnownFileType = sourcecode.c.h; path = StringExtra.h; sourceTree = "<group>"; };
		2C16FE6C1C76080C000A40D0 /* StringExtra.m */ = {isa = PBXFileReference; fileEncoding = 4; lastKnownFileType = sourcecode.c.objc; path = StringExtra.m; sourceTree = "<group>"; };
		2C16FE701C760885000A40D0 /* DonationReminder.xcodeproj */ = {isa = PBXFileReference; lastKnownFileType = "wrapper.pb-project"; name = DonationReminder.xcodeproj; path = DonationReminder/DonationReminder.xcodeproj; sourceTree = "<group>"; };
		2C16FE791C7608A6000A40D0 /* Sparkle.framework */ = {isa = PBXFileReference; lastKnownFileType = wrapper.framework; path = Sparkle.framework; sourceTree = "<group>"; };
		2C16FE7F1C7619F0000A40D0 /* Base */ = {isa = PBXFileReference; lastKnownFileType = file.xib; name = Base; path = Base.lproj/PowerSelectWindow.xib; sourceTree = "<group>"; };
		2C16FE831C761BAD000A40D0 /* Base */ = {isa = PBXFileReference; lastKnownFileType = file.xib; name = Base; path = Base.lproj/MainMenu.xib; sourceTree = "<group>"; };
		2C2371EA097F28A800693050 /* Info-PowerSelect.plist */ = {isa = PBXFileReference; explicitFileType = text.plist; fileEncoding = 4; path = "Info-PowerSelect.plist"; sourceTree = "<group>"; };
		2C2371EB097F28A900693050 /* PowerSelect.app */ = {isa = PBXFileReference; explicitFileType = wrapper.application; includeInIndex = 0; path = PowerSelect.app; sourceTree = BUILT_PRODUCTS_DIR; };
		2C3DB66F0BE1C51900FD7D6E /* AppController.h */ = {isa = PBXFileReference; fileEncoding = 2147483649; lastKnownFileType = sourcecode.c.h; path = AppController.h; sourceTree = "<group>"; };
		2C3DB6700BE1C51900FD7D6E /* AppController.m */ = {isa = PBXFileReference; fileEncoding = 2147483649; lastKnownFileType = sourcecode.c.objc; path = AppController.m; sourceTree = "<group>"; };
		2C717DA80BFB079400A8929B /* HelpSetup.plist */ = {isa = PBXFileReference; explicitFileType = text.plist; fileEncoding = 4; path = HelpSetup.plist; sourceTree = "<group>"; };
		2C75ECC517A80C6600D647BA /* PowerSelect-1024.icns */ = {isa = PBXFileReference; lastKnownFileType = image.icns; path = "PowerSelect-1024.icns"; sourceTree = "<group>"; };
		2C75ECED17A8992A00D647BA /* PowerSelect.icns */ = {isa = PBXFileReference; lastKnownFileType = image.icns; path = PowerSelect.icns; sourceTree = "<group>"; };
		2C814FBC0BFACF8C00814390 /* UserDefaults.plist */ = {isa = PBXFileReference; fileEncoding = 2147483649; lastKnownFileType = text.plist.xml; path = UserDefaults.plist; sourceTree = "<group>"; };
		2C8D08811C761DCB008583A6 /* ja */ = {isa = PBXFileReference; lastKnownFileType = text.plist.strings; name = ja; path = ja.lproj/MainMenu.strings; sourceTree = "<group>"; };
		2C8D08821C761DE8008583A6 /* ja */ = {isa = PBXFileReference; lastKnownFileType = text.plist.strings; name = ja; path = ja.lproj/Localizable.strings; sourceTree = "<group>"; };
		2C8D08831C761DF8008583A6 /* ja */ = {isa = PBXFileReference; lastKnownFileType = text.plist.strings; name = ja; path = ja.lproj/InfoPlist.strings; sourceTree = "<group>"; };
		2C8D08841C761E0B008583A6 /* ja */ = {isa = PBXFileReference; fileEncoding = 10; lastKnownFileType = text.plist.strings; name = ja; path = ja.lproj/ServicesMenu.strings; sourceTree = "<group>"; };
		2C8D08851C761E3D008583A6 /* ja */ = {isa = PBXFileReference; lastKnownFileType = text.plist.strings; name = ja; path = ja.lproj/PowerSelectWindow.strings; sourceTree = "<group>"; };
		2C8D08861C761FA7008583A6 /* dsa_pub.pem */ = {isa = PBXFileReference; fileEncoding = 4; lastKnownFileType = text; path = dsa_pub.pem; sourceTree = "<group>"; };
		2C8D08971C76DC84008583A6 /* GUIScriptingChecker.h */ = {isa = PBXFileReference; fileEncoding = 4; lastKnownFileType = sourcecode.c.h; path = GUIScriptingChecker.h; sourceTree = "<group>"; };
		2C8D08981C76DC84008583A6 /* GUIScriptingChecker.m */ = {isa = PBXFileReference; fileEncoding = 4; lastKnownFileType = sourcecode.c.objc; path = GUIScriptingChecker.m; sourceTree = "<group>"; };
		2C8D08991C76DC84008583A6 /* SystemEvents.h */ = {isa = PBXFileReference; fileEncoding = 4; lastKnownFileType = sourcecode.c.h; path = SystemEvents.h; sourceTree = "<group>"; };
		2C8D089A1C76DC84008583A6 /* SystemPreferences.h */ = {isa = PBXFileReference; fileEncoding = 4; lastKnownFileType = sourcecode.c.h; path = SystemPreferences.h; sourceTree = "<group>"; };
		2C8D089C1C76DD80008583A6 /* ScriptingBridge.framework */ = {isa = PBXFileReference; lastKnownFileType = wrapper.framework; name = ScriptingBridge.framework; path = System/Library/Frameworks/ScriptingBridge.framework; sourceTree = SDKROOT; };
		2C8D08A11C76DED8008583A6 /* ja */ = {isa = PBXFileReference; lastKnownFileType = text.plist.strings; name = ja; path = ja.lproj/GUIScriptingChecker_Localizable.strings; sourceTree = "<group>"; };
		2C8D08A31C76DF20008583A6 /* en */ = {isa = PBXFileReference; fileEncoding = 4; lastKnownFileType = text.plist.strings; name = en; path = en.lproj/GUIScriptingChecker_Localizable.strings; sourceTree = "<group>"; };
		2C8D08A41C76E2CB008583A6 /* en */ = {isa = PBXFileReference; fileEncoding = 10; lastKnownFileType = text.plist.strings; name = en; path = en.lproj/Localizable.strings; sourceTree = "<group>"; };
		2C8D08A51C76E2D3008583A6 /* en */ = {isa = PBXFileReference; fileEncoding = 10; lastKnownFileType = text.plist.strings; name = en; path = en.lproj/InfoPlist.strings; sourceTree = "<group>"; };
		2C8D08A61C76E2E1008583A6 /* en */ = {isa = PBXFileReference; fileEncoding = 10; lastKnownFileType = text.plist.strings; name = en; path = en.lproj/ServicesMenu.strings; sourceTree = "<group>"; };
		2C8D08A71C76E952008583A6 /* AppleScriptObjC.framework */ = {isa = PBXFileReference; lastKnownFileType = wrapper.framework; name = AppleScriptObjC.framework; path = System/Library/Frameworks/AppleScriptObjC.framework; sourceTree = SDKROOT; };
		2C8D08AB1C77015A008583A6 /* InsertionLocator.applescript */ = {isa = PBXFileReference; fileEncoding = 4; lastKnownFileType = sourcecode.applescript; path = InsertionLocator.applescript; sourceTree = "<group>"; };
		2CC01CD60F1B006A003DF3C8 /* PowerSelect-Retina.icns */ = {isa = PBXFileReference; lastKnownFileType = image.icns; path = "PowerSelect-Retina.icns"; sourceTree = "<group>"; };
		2CE04523160079BC006F2C10 /* PowerSelectWindowController.h */ = {isa = PBXFileReference; fileEncoding = 4; lastKnownFileType = sourcecode.c.h; path = PowerSelectWindowController.h; sourceTree = "<group>"; };
		2CE04524160079BC006F2C10 /* PowerSelectWindowController.m */ = {isa = PBXFileReference; fileEncoding = 4; lastKnownFileType = sourcecode.c.objc; path = PowerSelectWindowController.m; sourceTree = "<group>"; };
		2CEDCE5216040C0F00D42997 /* ClickableBox.h */ = {isa = PBXFileReference; fileEncoding = 4; lastKnownFileType = sourcecode.c.h; path = ClickableBox.h; sourceTree = "<group>"; };
		2CEDCE5316040C0F00D42997 /* ClickableBox.m */ = {isa = PBXFileReference; fileEncoding = 4; lastKnownFileType = sourcecode.c.objc; path = ClickableBox.m; sourceTree = "<group>"; };
		2CF038F210A25517007707C2 /* Credits.rtf */ = {isa = PBXFileReference; lastKnownFileType = text.rtf; path = Credits.rtf; sourceTree = "<group>"; };
		2CFF0AB20BCFD8CF00374FBA /* FolderIcon.png */ = {isa = PBXFileReference; lastKnownFileType = image.png; path = FolderIcon.png; sourceTree = "<group>"; };
		2CFF0AD60BCFDF4C00374FBA /* History.rd */ = {isa = PBXFileReference; fileEncoding = 2147483649; lastKnownFileType = text; name = History.rd; path = ../History.rd; sourceTree = SOURCE_ROOT; };
/* End PBXFileReference section */

/* Begin PBXFrameworksBuildPhase section */
		2C2371E1097F28A800693050 /* Frameworks */ = {
			isa = PBXFrameworksBuildPhase;
			buildActionMask = 2147483647;
			files = (
				2C8D08A81C76E952008583A6 /* AppleScriptObjC.framework in Frameworks */,
				2C8D089D1C76DD80008583A6 /* ScriptingBridge.framework in Frameworks */,
				2C16FE781C76089B000A40D0 /* DonationReminder.framework in Frameworks */,
				2C2371E2097F28A800693050 /* Cocoa.framework in Frameworks */,
				2C16FE7A1C7608A6000A40D0 /* Sparkle.framework in Frameworks */,
			);
			runOnlyForDeploymentPostprocessing = 0;
		};
/* End PBXFrameworksBuildPhase section */

/* Begin PBXGroup section */
		080E96DDFE201D6D7F000001 /* Scripts */ = {
			isa = PBXGroup;
			children = (
				2C8D08AB1C77015A008583A6 /* InsertionLocator.applescript */,
			);
			name = Scripts;
			sourceTree = "<group>";
		};
		1058C7A0FEA54F0111CA2CBB /* Linked Frameworks */ = {
			isa = PBXGroup;
			children = (
				1058C7A1FEA54F0111CA2CBB /* Cocoa.framework */,
			);
			name = "Linked Frameworks";
			sourceTree = "<group>";
		};
		1058C7A2FEA54F0111CA2CBB /* Other Frameworks */ = {
			isa = PBXGroup;
			children = (
				29B97325FDCFA39411CA2CEA /* Foundation.framework */,
				29B97324FDCFA39411CA2CEA /* AppKit.framework */,
			);
			name = "Other Frameworks";
			sourceTree = "<group>";
		};
		19C28FACFE9D520D11CA2CBB /* Products */ = {
			isa = PBXGroup;
			children = (
				2C2371EB097F28A900693050 /* PowerSelect.app */,
			);
			name = Products;
			sourceTree = "<group>";
		};
		29B97314FDCFA39411CA2CEA /* Application */ = {
			isa = PBXGroup;
			children = (
				2CFF0AD60BCFDF4C00374FBA /* History.rd */,
				2C8D08961C76DC84008583A6 /* GUIScriptingChecker */,
				2C16FE641C76080C000A40D0 /* PathExtra */,
				2C16FE6A1C76080C000A40D0 /* StringExtra */,
				2CE0445116002C8E006F2C10 /* Classes */,
				080E96DDFE201D6D7F000001 /* Scripts */,
				29B97317FDCFA39411CA2CEA /* Resources */,
				29B97315FDCFA39411CA2CEA /* Other Sources */,
				29B97323FDCFA39411CA2CEA /* Frameworks */,
				2C91CDFD14DACCC500588379 /* CocoaLib */,
				19C28FACFE9D520D11CA2CBB /* Products */,
				2C16FE701C760885000A40D0 /* DonationReminder.xcodeproj */,
			);
			name = Application;
			sourceTree = "<group>";
		};
		29B97315FDCFA39411CA2CEA /* Other Sources */ = {
			isa = PBXGroup;
			children = (
				29B97316FDCFA39411CA2CEA /* main.m */,
			);
			name = "Other Sources";
			sourceTree = "<group>";
		};
		29B97317FDCFA39411CA2CEA /* Resources */ = {
			isa = PBXGroup;
			children = (
				2C1283E11C7B7A3A001D139B /* PowerSelectHelp */,
				2C8D08861C761FA7008583A6 /* dsa_pub.pem */,
				2C75ECC517A80C6600D647BA /* PowerSelect-1024.icns */,
				2CF038F210A25517007707C2 /* Credits.rtf */,
				2CC01CD60F1B006A003DF3C8 /* PowerSelect-Retina.icns */,
				2C717DA80BFB079400A8929B /* HelpSetup.plist */,
				2CFF0AB20BCFD8CF00374FBA /* FolderIcon.png */,
				2C814FBC0BFACF8C00814390 /* UserDefaults.plist */,
				2C2371EA097F28A800693050 /* Info-PowerSelect.plist */,
				2C75ECED17A8992A00D647BA /* PowerSelect.icns */,
				2C16FE821C761BAD000A40D0 /* MainMenu.xib */,
				2C4A6D9D097F6BAB00D4AF6B /* Localizable.strings */,
				2C5453A50ED9532B0098D94A /* InfoPlist.strings */,
				2CE0451C160077D6006F2C10 /* PowerSelectWindow.xib */,
				2C179B84179D694200D0C234 /* ServicesMenu.strings */,
			);
			name = Resources;
			sourceTree = "<group>";
		};
		29B97323FDCFA39411CA2CEA /* Frameworks */ = {
			isa = PBXGroup;
			children = (
				2C8D08A71C76E952008583A6 /* AppleScriptObjC.framework */,
				2C8D089C1C76DD80008583A6 /* ScriptingBridge.framework */,
				2C16FE791C7608A6000A40D0 /* Sparkle.framework */,
				1058C7A0FEA54F0111CA2CBB /* Linked Frameworks */,
				1058C7A2FEA54F0111CA2CBB /* Other Frameworks */,
			);
			name = Frameworks;
			sourceTree = "<group>";
		};
		2C16FE641C76080C000A40D0 /* PathExtra */ = {
			isa = PBXGroup;
			children = (
				2C16FE651C76080C000A40D0 /* PathExtra_Localizable.strings */,
				2C16FE681C76080C000A40D0 /* PathExtra.h */,
				2C16FE691C76080C000A40D0 /* PathExtra.m */,
			);
			path = PathExtra;
			sourceTree = "<group>";
		};
		2C16FE6A1C76080C000A40D0 /* StringExtra */ = {
			isa = PBXGroup;
			children = (
				2C16FE6B1C76080C000A40D0 /* StringExtra.h */,
				2C16FE6C1C76080C000A40D0 /* StringExtra.m */,
			);
			path = StringExtra;
			sourceTree = "<group>";
		};
		2C16FE711C760885000A40D0 /* Products */ = {
			isa = PBXGroup;
			children = (
				2C16FE751C760886000A40D0 /* DonationReminder.framework */,
			);
			name = Products;
			sourceTree = "<group>";
		};
		2C8D08961C76DC84008583A6 /* GUIScriptingChecker */ = {
			isa = PBXGroup;
			children = (
				2C8D08971C76DC84008583A6 /* GUIScriptingChecker.h */,
				2C8D08981C76DC84008583A6 /* GUIScriptingChecker.m */,
				2C8D08991C76DC84008583A6 /* SystemEvents.h */,
				2C8D089A1C76DC84008583A6 /* SystemPreferences.h */,
				2C8D08A21C76DED8008583A6 /* GUIScriptingChecker_Localizable.strings */,
			);
			path = GUIScriptingChecker;
			sourceTree = "<group>";
		};
		2C91CDFD14DACCC500588379 /* CocoaLib */ = {
			isa = PBXGroup;
			children = (
			);
			path = CocoaLib;
			sourceTree = "<group>";
		};
		2CE0445116002C8E006F2C10 /* Classes */ = {
			isa = PBXGroup;
			children = (
				2C3DB66F0BE1C51900FD7D6E /* AppController.h */,
				2C3DB6700BE1C51900FD7D6E /* AppController.m */,
				2CEDCE5216040C0F00D42997 /* ClickableBox.h */,
				2CEDCE5316040C0F00D42997 /* ClickableBox.m */,
				2CE04523160079BC006F2C10 /* PowerSelectWindowController.h */,
				2CE04524160079BC006F2C10 /* PowerSelectWindowController.m */,
			);
			name = Classes;
			sourceTree = "<group>";
		};
/* End PBXGroup section */

/* Begin PBXNativeTarget section */
		2C2371D6097F28A800693050 /* PowerSelect */ = {
			isa = PBXNativeTarget;
			buildConfigurationList = 2C2371E5097F28A800693050 /* Build configuration list for PBXNativeTarget "PowerSelect" */;
			buildPhases = (
				2C2371DC097F28A800693050 /* Resources */,
				2C2371DF097F28A800693050 /* Sources */,
				2C2371E1097F28A800693050 /* Frameworks */,
				2C814FA50BFACD2B00814390 /* CopyFiles */,
				2C2371E4097F28A800693050 /* ShellScript */,
			);
			buildRules = (
			);
			dependencies = (
				2C16FE771C760890000A40D0 /* PBXTargetDependency */,
			);
			name = PowerSelect;
			productInstallPath = "$(HOME)/Applications";
			productName = Application;
			productReference = 2C2371EB097F28A900693050 /* PowerSelect.app */;
			productType = "com.apple.product-type.application";
		};
/* End PBXNativeTarget section */

/* Begin PBXProject section */
		29B97313FDCFA39411CA2CEA /* Project object */ = {
			isa = PBXProject;
			attributes = {
				LastUpgradeCheck = 0820;
			};
			buildConfigurationList = 2C2371B5097F25A400693050 /* Build configuration list for PBXProject "PowerSelect" */;
			compatibilityVersion = "Xcode 3.2";
			developmentRegion = English;
			hasScannedForEncodings = 1;
			knownRegions = (
				English,
				Japanese,
				French,
				German,
				en,
				ja,
				Base,
			);
			mainGroup = 29B97314FDCFA39411CA2CEA /* Application */;
			projectDirPath = "";
			projectReferences = (
				{
					ProductGroup = 2C16FE711C760885000A40D0 /* Products */;
					ProjectRef = 2C16FE701C760885000A40D0 /* DonationReminder.xcodeproj */;
				},
			);
			projectRoot = "";
			targets = (
				2C2371D6097F28A800693050 /* PowerSelect */,
			);
		};
/* End PBXProject section */

/* Begin PBXReferenceProxy section */
		2C16FE751C760886000A40D0 /* DonationReminder.framework */ = {
			isa = PBXReferenceProxy;
			fileType = wrapper.framework;
			path = DonationReminder.framework;
			remoteRef = 2C16FE741C760886000A40D0 /* PBXContainerItemProxy */;
			sourceTree = BUILT_PRODUCTS_DIR;
		};
/* End PBXReferenceProxy section */

/* Begin PBXResourcesBuildPhase section */
		2C2371DC097F28A800693050 /* Resources */ = {
			isa = PBXResourcesBuildPhase;
			buildActionMask = 2147483647;
			files = (
				2C4A6D9F097F6BAC00D4AF6B /* Localizable.strings in Resources */,
				2CFF0AB30BCFD8CF00374FBA /* FolderIcon.png in Resources */,
				2C814FBD0BFACF8C00814390 /* UserDefaults.plist in Resources */,
				2C717DA90BFB079400A8929B /* HelpSetup.plist in Resources */,
				2C5453A60ED9532B0098D94A /* InfoPlist.strings in Resources */,
				2CF038F310A25517007707C2 /* Credits.rtf in Resources */,
				2C179B85179D694200D0C234 /* ServicesMenu.strings in Resources */,
				2C75ECC617A80C6600D647BA /* PowerSelect-1024.icns in Resources */,
				2C75ECEE17A8992A00D647BA /* PowerSelect.icns in Resources */,
				2C75ECF917A89BD900D647BA /* PowerSelect-Retina.icns in Resources */,
				2C16FE6D1C76080C000A40D0 /* PathExtra_Localizable.strings in Resources */,
				2C8D08871C761FA7008583A6 /* dsa_pub.pem in Resources */,
				2C8D08A01C76DED8008583A6 /* GUIScriptingChecker_Localizable.strings in Resources */,
				2C8D08AD1C770FBB008583A6 /* MainMenu.xib in Resources */,
				2C8D08AE1C770FD2008583A6 /* PowerSelectWindow.xib in Resources */,
				2C1283E21C7B7A3A001D139B /* PowerSelectHelp in Resources */,
			);
			runOnlyForDeploymentPostprocessing = 0;
		};
/* End PBXResourcesBuildPhase section */

/* Begin PBXShellScriptBuildPhase section */
		2C2371E4097F28A800693050 /* ShellScript */ = {
			isa = PBXShellScriptBuildPhase;
			buildActionMask = 8;
			comments = "setup HelpBook";
			files = (
			);
			inputPaths = (
			);
			outputPaths = (
			);
			runOnlyForDeploymentPostprocessing = 1;
			shellPath = /bin/sh;
			shellScript = "if [ ! \"$CONFIGURATION\" = 'Release' ]; then\necho \"HelpBook setup script will run only with Release configuration\";\nexit 0\nfi\n\ncd \"$BUILT_PRODUCTS_DIR\"\nSetupHelpBook \"$FULL_PRODUCT_NAME\"\n\n";
		};
/* End PBXShellScriptBuildPhase section */

/* Begin PBXSourcesBuildPhase section */
		2C2371DF097F28A800693050 /* Sources */ = {
			isa = PBXSourcesBuildPhase;
			buildActionMask = 2147483647;
			files = (
				2C2371E0097F28A800693050 /* main.m in Sources */,
				2C3DB6720BE1C51A00FD7D6E /* AppController.m in Sources */,
				2CE04525160079BC006F2C10 /* PowerSelectWindowController.m in Sources */,
				2CEDCE5416040C0F00D42997 /* ClickableBox.m in Sources */,
				2C16FE6E1C76080C000A40D0 /* PathExtra.m in Sources */,
				2C16FE6F1C76080C000A40D0 /* StringExtra.m in Sources */,
				2C8D089B1C76DC85008583A6 /* GUIScriptingChecker.m in Sources */,
				2C8D08AC1C77015A008583A6 /* InsertionLocator.applescript in Sources */,
			);
			runOnlyForDeploymentPostprocessing = 0;
		};
/* End PBXSourcesBuildPhase section */

/* Begin PBXTargetDependency section */
		2C16FE771C760890000A40D0 /* PBXTargetDependency */ = {
			isa = PBXTargetDependency;
			name = DonationReminder;
			targetProxy = 2C16FE761C760890000A40D0 /* PBXContainerItemProxy */;
		};
/* End PBXTargetDependency section */

/* Begin PBXVariantGroup section */
		2C16FE651C76080C000A40D0 /* PathExtra_Localizable.strings */ = {
			isa = PBXVariantGroup;
			children = (
				2C16FE661C76080C000A40D0 /* en */,
				2C16FE671C76080C000A40D0 /* ja */,
			);
			name = PathExtra_Localizable.strings;
			sourceTree = "<group>";
		};
		2C16FE821C761BAD000A40D0 /* MainMenu.xib */ = {
			isa = PBXVariantGroup;
			children = (
				2C16FE831C761BAD000A40D0 /* Base */,
				2C8D08811C761DCB008583A6 /* ja */,
			);
			name = MainMenu.xib;
			sourceTree = "<group>";
		};
		2C179B84179D694200D0C234 /* ServicesMenu.strings */ = {
			isa = PBXVariantGroup;
			children = (
				2C8D08841C761E0B008583A6 /* ja */,
				2C8D08A61C76E2E1008583A6 /* en */,
			);
			name = ServicesMenu.strings;
			sourceTree = "<group>";
		};
		2C4A6D9D097F6BAB00D4AF6B /* Localizable.strings */ = {
			isa = PBXVariantGroup;
			children = (
				2C8D08821C761DE8008583A6 /* ja */,
				2C8D08A41C76E2CB008583A6 /* en */,
			);
			name = Localizable.strings;
			sourceTree = "<group>";
		};
		2C5453A50ED9532B0098D94A /* InfoPlist.strings */ = {
			isa = PBXVariantGroup;
			children = (
				2C8D08831C761DF8008583A6 /* ja */,
				2C8D08A51C76E2D3008583A6 /* en */,
			);
			name = InfoPlist.strings;
			sourceTree = "<group>";
		};
		2C8D08A21C76DED8008583A6 /* GUIScriptingChecker_Localizable.strings */ = {
			isa = PBXVariantGroup;
			children = (
				2C8D08A11C76DED8008583A6 /* ja */,
				2C8D08A31C76DF20008583A6 /* en */,
			);
			name = GUIScriptingChecker_Localizable.strings;
			sourceTree = "<group>";
		};
		2CE0451C160077D6006F2C10 /* PowerSelectWindow.xib */ = {
			isa = PBXVariantGroup;
			children = (
				2C16FE7F1C7619F0000A40D0 /* Base */,
				2C8D08851C761E3D008583A6 /* ja */,
			);
			name = PowerSelectWindow.xib;
			sourceTree = "<group>";
		};
/* End PBXVariantGroup section */

/* Begin XCBuildConfiguration section */
		2C2371B6097F25A400693050 /* Debug */ = {
			isa = XCBuildConfiguration;
			buildSettings = {
				CLANG_ANALYZER_LOCALIZABILITY_NONLOCALIZED = YES;
				CLANG_WARN_BOOL_CONVERSION = YES;
				CLANG_WARN_CONSTANT_CONVERSION = YES;
				CLANG_WARN_EMPTY_BODY = YES;
				CLANG_WARN_ENUM_CONVERSION = YES;
				CLANG_WARN_INFINITE_RECURSION = YES;
				CLANG_WARN_INT_CONVERSION = YES;
				CLANG_WARN_SUSPICIOUS_MOVE = YES;
				CLANG_WARN_UNREACHABLE_CODE = YES;
				CLANG_WARN__DUPLICATE_METHOD_MATCH = YES;
				COPYRIGHT = "Copyright 1998-2016, Tetsuro KURITA";
				ENABLE_STRICT_OBJC_MSGSEND = YES;
				ENABLE_TESTABILITY = YES;
				GCC_NO_COMMON_BLOCKS = YES;
				GCC_WARN_64_TO_32_BIT_CONVERSION = YES;
				GCC_WARN_ABOUT_RETURN_TYPE = YES;
				GCC_WARN_UNDECLARED_SELECTOR = YES;
				GCC_WARN_UNINITIALIZED_AUTOS = YES;
				GCC_WARN_UNUSED_FUNCTION = YES;
				GCC_WARN_UNUSED_VARIABLE = YES;
				MACOSX_DEPLOYMENT_TARGET = 10.8;
				ONLY_ACTIVE_ARCH = YES;
				PRODUCT_VERSION = 2.5;
				SDKROOT = macosx;
			};
			name = Debug;
		};
		2C2371B7097F25A400693050 /* Release */ = {
			isa = XCBuildConfiguration;
			buildSettings = {
				CLANG_ANALYZER_LOCALIZABILITY_NONLOCALIZED = YES;
				CLANG_WARN_BOOL_CONVERSION = YES;
				CLANG_WARN_CONSTANT_CONVERSION = YES;
				CLANG_WARN_EMPTY_BODY = YES;
				CLANG_WARN_ENUM_CONVERSION = YES;
				CLANG_WARN_INFINITE_RECURSION = YES;
				CLANG_WARN_INT_CONVERSION = YES;
				CLANG_WARN_SUSPICIOUS_MOVE = YES;
				CLANG_WARN_UNREACHABLE_CODE = YES;
				CLANG_WARN__DUPLICATE_METHOD_MATCH = YES;
				COPYRIGHT = "Copyright 1998-2016, Tetsuro KURITA";
				ENABLE_STRICT_OBJC_MSGSEND = YES;
				GCC_NO_COMMON_BLOCKS = YES;
				GCC_WARN_64_TO_32_BIT_CONVERSION = YES;
				GCC_WARN_ABOUT_RETURN_TYPE = YES;
				GCC_WARN_UNDECLARED_SELECTOR = YES;
				GCC_WARN_UNINITIALIZED_AUTOS = YES;
				GCC_WARN_UNUSED_FUNCTION = YES;
				GCC_WARN_UNUSED_VARIABLE = YES;
				MACOSX_DEPLOYMENT_TARGET = 10.8;
				PRODUCT_VERSION = 2.5;
				SDKROOT = macosx;
			};
			name = Release;
		};
		2C2371B9097F25A400693050 /* Default */ = {
			isa = XCBuildConfiguration;
			buildSettings = {
				CLANG_ANALYZER_LOCALIZABILITY_NONLOCALIZED = YES;
				CLANG_WARN_BOOL_CONVERSION = YES;
				CLANG_WARN_CONSTANT_CONVERSION = YES;
				CLANG_WARN_EMPTY_BODY = YES;
				CLANG_WARN_ENUM_CONVERSION = YES;
				CLANG_WARN_INFINITE_RECURSION = YES;
				CLANG_WARN_INT_CONVERSION = YES;
				CLANG_WARN_SUSPICIOUS_MOVE = YES;
				CLANG_WARN_UNREACHABLE_CODE = YES;
				CLANG_WARN__DUPLICATE_METHOD_MATCH = YES;
				COPYRIGHT = "Copyright 1998-2016, Tetsuro KURITA";
				ENABLE_STRICT_OBJC_MSGSEND = YES;
				GCC_NO_COMMON_BLOCKS = YES;
				GCC_WARN_64_TO_32_BIT_CONVERSION = YES;
				GCC_WARN_ABOUT_RETURN_TYPE = YES;
				GCC_WARN_UNDECLARED_SELECTOR = YES;
				GCC_WARN_UNINITIALIZED_AUTOS = YES;
				GCC_WARN_UNUSED_FUNCTION = YES;
				GCC_WARN_UNUSED_VARIABLE = YES;
				MACOSX_DEPLOYMENT_TARGET = 10.8;
				PRODUCT_VERSION = 2.5;
				SDKROOT = macosx;
			};
			name = Default;
		};
		2C2371E6097F28A800693050 /* Debug */ = {
			isa = XCBuildConfiguration;
			buildSettings = {
				CLANG_ENABLE_OBJC_ARC = YES;
				COMBINE_HIDPI_IMAGES = YES;
				COPY_PHASE_STRIP = NO;
				CURRENT_PROJECT_VERSION = 14;
				FRAMEWORK_SEARCH_PATHS = (
					"$(inherited)",
					"$(FRAMEWORK_SEARCH_PATHS_QUOTED_1)",
					"$(FRAMEWORK_SEARCH_PATHS_QUOTED_FOR_TARGET_1)",
					"\"$(SRCROOT)\"",
				);
				GCC_DYNAMIC_NO_PIC = NO;
				GCC_GENERATE_DEBUGGING_SYMBOLS = YES;
				GCC_OPTIMIZATION_LEVEL = 0;
				HEADER_SEARCH_PATHS = "";
				INFOPLIST_FILE = "Info-PowerSelect.plist";
				INSTALL_PATH = /Applications;
				LIBRARY_SEARCH_PATHS = "";
				PRODUCT_BUNDLE_IDENTIFIER = PowerSelect;
				PRODUCT_NAME = PowerSelect;
				SDKROOT = macosx;
				VALID_ARCHS = x86_64;
				VERSIONING_SYSTEM = "apple-generic";
				WARNING_CFLAGS = (
					"-Wmost",
					"-Wno-four-char-constants",
					"-Wno-unknown-pragmas",
				);
				WRAPPER_EXTENSION = app;
			};
			name = Debug;
		};
		2C2371E7097F28A800693050 /* Release */ = {
			isa = XCBuildConfiguration;
			buildSettings = {
				CLANG_ENABLE_OBJC_ARC = YES;
				COMBINE_HIDPI_IMAGES = YES;
				COPY_PHASE_STRIP = YES;
				CURRENT_PROJECT_VERSION = 14;
				FRAMEWORK_SEARCH_PATHS = (
					"$(inherited)",
					"$(FRAMEWORK_SEARCH_PATHS_QUOTED_1)",
					"\"$(SRCROOT)\"",
				);
				HEADER_SEARCH_PATHS = "";
				INFOPLIST_FILE = "Info-PowerSelect.plist";
				INSTALL_PATH = /Applications;
				LIBRARY_SEARCH_PATHS = "";
				PRODUCT_BUNDLE_IDENTIFIER = PowerSelect;
				PRODUCT_NAME = PowerSelect;
				SDKROOT = macosx;
				VALID_ARCHS = x86_64;
				VERSIONING_SYSTEM = "apple-generic";
				WARNING_CFLAGS = (
					"-Wmost",
					"-Wno-four-char-constants",
					"-Wno-unknown-pragmas",
				);
				WRAPPER_EXTENSION = app;
			};
			name = Release;
		};
		2C2371E9097F28A800693050 /* Default */ = {
			isa = XCBuildConfiguration;
			buildSettings = {
				CLANG_ENABLE_OBJC_ARC = YES;
				COMBINE_HIDPI_IMAGES = YES;
				CURRENT_PROJECT_VERSION = 14;
				FRAMEWORK_SEARCH_PATHS = (
					"$(inherited)",
					"$(FRAMEWORK_SEARCH_PATHS_QUOTED_1)",
					"$(FRAMEWORK_SEARCH_PATHS_QUOTED_FOR_TARGET_1)",
					"\"$(SRCROOT)\"",
				);
				HEADER_SEARCH_PATHS = "";
				INFOPLIST_FILE = "Info-PowerSelect.plist";
				INSTALL_PATH = /Applications;
				LIBRARY_SEARCH_PATHS = "";
				PRODUCT_BUNDLE_IDENTIFIER = PowerSelect;
				PRODUCT_NAME = PowerSelect;
				SDKROOT = macosx;
				VALID_ARCHS = x86_64;
				VERSIONING_SYSTEM = "apple-generic";
				WARNING_CFLAGS = (
					"-Wmost",
					"-Wno-four-char-constants",
					"-Wno-unknown-pragmas",
				);
				WRAPPER_EXTENSION = app;
			};
			name = Default;
		};
/* End XCBuildConfiguration section */

/* Begin XCConfigurationList section */
		2C2371B5097F25A400693050 /* Build configuration list for PBXProject "PowerSelect" */ = {
			isa = XCConfigurationList;
			buildConfigurations = (
				2C2371B6097F25A400693050 /* Debug */,
				2C2371B7097F25A400693050 /* Release */,
				2C2371B9097F25A400693050 /* Default */,
			);
			defaultConfigurationIsVisible = 0;
			defaultConfigurationName = Release;
		};
		2C2371E5097F28A800693050 /* Build configuration list for PBXNativeTarget "PowerSelect" */ = {
			isa = XCConfigurationList;
			buildConfigurations = (
				2C2371E6097F28A800693050 /* Debug */,
				2C2371E7097F28A800693050 /* Release */,
				2C2371E9097F28A800693050 /* Default */,
			);
			defaultConfigurationIsVisible = 0;
			defaultConfigurationName = Release;
		};
/* End XCConfigurationList section */
	};
	rootObject = 29B97313FDCFA39411CA2CEA /* Project object */;
}
